
Microsoft Visual Studio Solution File, Format Version 12.00
# Visual Studio 15
VisualStudioVersion = 15.0.27130.2003
MinimumVisualStudioVersion = 10.0.40219.1
Project("{2150E333-8FDC-42A3-9474-1A3956D46DE8}") = "Solution Items", "Solution Items", "{A9A61E0B-22EF-40F4-ABC1-33526944585B}"
	ProjectSection(SolutionItems) = preProject
		CharityWare.MD = CharityWare.MD
	EndProjectSection
EndProject
Global
	GlobalSection(SolutionProperties) = preSolution
		HideSolutionNode = FALSE
	EndGlobalSection
	GlobalSection(ExtensibilityGlobals) = postSolution
		SolutionGuid = {D53FAF48-F6DD-4987-A8DA-455F5776B51E}
	EndGlobalSection
EndGlobal
